{
  "name": "npm-v2-fixture",
  "version": "1.0.0",
  "lockfileVersion": 2,
  "requires": true,
  "packages": {
    "": {
      "name": "npm-v2-fixture",
      "version": "1.0.0",
      "workspaces": [
        "packages/*"
      ],
      "dependencies": {
        "@scope/root": "3.0.0",
        "alpha": "2.0.0",
        "duplicate": "2.0.0"
      },
      "devDependencies": {
        "dev-tool": "4.0.0"
      }
    },
    "node_modules/@scope/root": {
      "version": "3.0.0"
    },
    "node_modules/@scope/root/node_modules/@nested/tool": {
      "version": "1.5.0"
    },
    "node_modules/alpha": {
      "version": "2.0.0",
      "dependencies": {
        "duplicate": "1.0.0",
        "shared": "5.0.0"
      }
    },
    "node_modules/alpha/node_modules/duplicate": {
      "version": "1.0.0"
    },
    "node_modules/duplicate": {
      "version": "2.0.0"
    },
    "node_modules/dev-tool": {
      "version": "4.0.0",
      "dev": true,
      "dependencies": {
        "dev-child": "1.0.0",
        "shared": "5.0.0"
      }
    },
    "node_modules/dev-tool/node_modules/dev-child": {
      "version": "1.0.0",
      "dev": true
    },
    "node_modules/dev-tool/node_modules/shared": {
      "version": "5.0.0",
      "dev": true
    },
    "node_modules/shared": {
      "version": "5.0.0"
    },
    "node_modules/workspace-a": {
      "resolved": "packages/workspace-a",
      "link": true
    },
    "packages/workspace-a": {
      "name": "workspace-a",
      "version": "1.0.0",
      "dependencies": {
        "workspace-direct": "5.0.0"
      },
      "devDependencies": {
        "workspace-dev": "6.0.0"
      }
    },
    "packages/workspace-a/node_modules/workspace-direct": {
      "version": "5.0.0",
      "dependencies": {
        "duplicate": "3.0.0"
      }
    },
    "packages/workspace-a/node_modules/workspace-direct/node_modules/duplicate": {
      "version": "3.0.0"
    },
    "packages/workspace-a/node_modules/workspace-dev": {
      "version": "6.0.0",
      "dev": true
    },
    "node_modules/link-with-version": {
      "resolved": "packages/link-with-version",
      "link": true
    },
    "packages/link-with-version": {
      "name": "link-with-version",
      "version": "99.0.0"
    }
  },
  "dependencies": {
    "legacy-only-ghost": {
      "version": "99.0.0"
    }
  }
}
