{
  "name": "malformed-npm-entry",
  "version": "1.0.0",
  "lockfileVersion": 3,
  "packages": {
    "": {
      "name": "malformed-npm-entry",
      "version": "1.0.0"
    },
    "node_modules/valid-before-error": {
      "version": "1.0.0"
    },
    "node_modules/missing-version": {
      "dev": true
    }
  }
}
