{
  "lockfileVersion": 0,
  "workspaces": {
    "": {
      "name": "legacy-v0-root",
      "dependencies": {
        "left-pad": "1.3.0",
        "workspace-pkg": "workspace:*",
      },
    },
    "packages/workspace-pkg": {
      "name": "workspace-pkg",
      "version": "1.0.0",
    },
  },
  "packages": {
    "left-pad": ["left-pad@1.3.0", "", {}, "sha512-left-pad"],
    "workspace-pkg": ["workspace-pkg@workspace:packages/workspace-pkg", {}],
  },
}
