{
  "lockfileVersion": 3,
  "configVersion": 1,
  "workspaces": {
    "": {
      "name": "depscan-bun-v3-version-scoped-fixture",
      "dependencies": {
        "is-odd": "3.0.1",
      },
    },
  },
  "overrides": {
    "is-number@<7.0.0": {
      ".": "7.0.0",
    },
  },
  "packages": {
    "is-number": ["is-number@7.0.0", "", {}, "sha512-41Cifkg6e8TylSpdtTpeLVMqvSBEVzTttHvERD741+pnZ8ANv0004MRL43QKPDlK9cGvNp6NZWZUBlbGXYxxng=="],

    "is-odd": ["is-odd@3.0.1", "", { "dependencies": { "is-number": "^6.0.0" } }, "sha512-CQpnWPrDwmP1+SMHXZhtLtJv90yiyVfluGsX5iNCVkrhQtU3TQHsUWPG9wkdk9Lgd5yNpAg9jQEo90CBaXgWMA=="],
  }
}
