{
  "name": "alias-missing-name-npm-entry",
  "version": "1.0.0",
  "lockfileVersion": 3,
  "packages": {
    "": {
      "name": "alias-missing-name-npm-entry",
      "version": "1.0.0",
      "dependencies": {
        "a-safe": "1.0.0",
        "alias-lodash": "npm:lodash@4.17.20"
      }
    },
    "node_modules/a-safe": {
      "version": "1.0.0"
    },
    "node_modules/alias-lodash": {
      "version": "4.17.20",
      "resolved": "https://registry.npmjs.org/lodash/-/lodash-4.17.20.tgz"
    }
  }
}
