{
  "name": "alias-source-collision",
  "version": "1.0.0",
  "lockfileVersion": 3,
  "requires": true,
  "packages": {
    "": {
      "name": "alias-source-collision",
      "version": "1.0.0",
      "workspaces": ["packages/*"],
      "dependencies": {
        "shared": "npm:lodash@4.17.20"
      }
    },
    "node_modules/shared": {
      "name": "lodash",
      "version": "4.17.20",
      "resolved": "https://registry.npmjs.org/lodash/-/lodash-4.17.20.tgz"
    },
    "node_modules/workspace-a": {
      "resolved": "packages/a",
      "link": true
    },
    "packages/a": {
      "name": "workspace-a",
      "version": "1.0.0",
      "dependencies": {
        "shared": "https://registry.npmjs.org/underscore/-/underscore-1.13.7.tgz"
      }
    },
    "packages/a/node_modules/shared": {
      "name": "underscore",
      "version": "1.13.7",
      "resolved": "https://registry.npmjs.org/underscore/-/underscore-1.13.7.tgz"
    }
  }
}
