{
  "name": "garbage-resolved-npm-entry",
  "version": "1.0.0",
  "lockfileVersion": 3,
  "packages": {
    "": {
      "name": "garbage-resolved-npm-entry",
      "version": "1.0.0",
      "dependencies": {
        "is-number": "7.0.0",
        "lodash": "4.17.20"
      }
    },
    "node_modules/is-number": {
      "version": "7.0.0",
      "resolved": "https://registry.npmjs.org/is-number/-/is-number-7.0.0.tgz"
    },
    "node_modules/lodash": {
      "version": "4.17.20",
      "resolved": "not-a-source"
    }
  }
}
