{
  "name": "depscan-e2e-npm",
  "version": "1.0.0",
  "lockfileVersion": 3,
  "requires": true,
  "packages": {
    "": {
      "name": "depscan-e2e-npm",
      "version": "1.0.0",
      "dependencies": {
        "lodash": "^4.17.21"
      },
      "devDependencies": {
        "chalk": "^5.4.1"
      }
    },
    "node_modules/chalk": {
      "version": "5.4.1",
      "resolved": "https://registry.npmjs.org/chalk/-/chalk-5.4.1.tgz",
      "dev": true,
      "license": "MIT"
    },
    "node_modules/lodash": {
      "version": "4.17.21",
      "resolved": "https://registry.npmjs.org/lodash/-/lodash-4.17.21.tgz",
      "license": "MIT",
      "dependencies": {
        "minimist": "1.2.8"
      }
    },
    "node_modules/lodash/node_modules/minimist": {
      "version": "1.2.8",
      "resolved": "https://registry.npmjs.org/minimist/-/minimist-1.2.8.tgz",
      "license": "MIT"
    }
  }
}
