# This file is automatically @generated by Cargo.
# It is not intended for manual editing.
version = 4

[[package]]
name = "depscan-e2e-cargo"
version = "1.0.0"
dependencies = [
 "regex",
 "serde",
]

[[package]]
name = "regex"
version = "1.11.2"
source = "registry+https://github.com/rust-lang/crates.io-index"
checksum = "1111111111111111111111111111111111111111111111111111111111111111"
dependencies = [
 "regex-syntax",
]

[[package]]
name = "regex-syntax"
version = "0.8.5"
source = "registry+https://github.com/rust-lang/crates.io-index"
checksum = "2222222222222222222222222222222222222222222222222222222222222222"

[[package]]
name = "serde"
version = "1.0.228"
source = "registry+https://github.com/rust-lang/crates.io-index"
checksum = "3333333333333333333333333333333333333333333333333333333333333333"
