{
  "name": "alias-registry-collision",
  "version": "1.0.0",
  "lockfileVersion": 3,
  "requires": true,
  "packages": {
    "": {
      "name": "alias-registry-collision",
      "version": "1.0.0",
      "workspaces": ["packages/*"],
      "dependencies": {
        "is-number": "npm:lodash@4.17.20"
      }
    },
    "node_modules/is-number": {
      "name": "lodash",
      "version": "4.17.20",
      "resolved": "https://registry.npmjs.org/lodash/-/lodash-4.17.20.tgz"
    },
    "node_modules/workspace-a": {
      "resolved": "packages/a",
      "link": true
    },
    "packages/a": {
      "name": "workspace-a",
      "version": "1.0.0",
      "dependencies": {
        "is-number": "7.0.0"
      }
    },
    "packages/a/node_modules/is-number": {
      "version": "7.0.0",
      "resolved": "https://registry.npmjs.org/is-number/-/is-number-7.0.0.tgz"
    }
  }
}
