# This file is automatically @generated by Poetry 2.3.2 and should not be changed by hand.

[[package]]
name = "custom-registry"
version = "1.0.0"
description = "Private registry package"
optional = false
python-versions = ">=3.12"
groups = ["main"]
files = []

[package.source]
type = "legacy"
url = "https://packages.example.invalid/simple"
reference = "private"

[[package]]
name = "dev-direct"
version = "1.0.0"
description = "Development direct"
optional = false
python-versions = ">=3.12"
groups = ["test"]
files = []

[package.dependencies]
dev-transitive = "1.0.0"
shared-transitive = "1.0.0"

[[package]]
name = "dev-transitive"
version = "1.0.0"
description = "Development transitive"
optional = false
python-versions = ">=3.12"
groups = ["test"]
files = []

[[package]]
name = "directory-direct"
version = "1.0.0"
description = "Directory direct"
optional = false
python-versions = ">=3.12"
groups = ["main"]
files = []
develop = false

[package.source]
type = "directory"
url = "vendor/directory-direct"

[[package]]
name = "editable-direct"
version = "1.0.0"
description = "Editable direct"
optional = false
python-versions = ">=3.12"
groups = ["main"]
files = []
develop = true

[package.source]
type = "directory"
url = "vendor/editable-direct"

[[package]]
name = "file-direct"
version = "1.0.0"
description = "File direct"
optional = false
python-versions = ">=3.12"
groups = ["main"]
files = []

[package.source]
type = "file"
url = "vendor/file_direct-1.0.0-py3-none-any.whl"

[[package]]
name = "git-direct"
version = "1.0.0"
description = "Git direct"
optional = false
python-versions = ">=3.12"
groups = ["main"]
files = []
develop = false

[package.source]
type = "git"
url = "https://github.com/example/git-direct.git"
reference = "0123456789abcdef0123456789abcdef01234567"
resolved_reference = "0123456789abcdef0123456789abcdef01234567"

[[package]]
name = "optional-direct"
version = "1.0.0"
description = "Optional direct"
optional = true
python-versions = ">=3.12"
groups = ["main"]
files = []

[[package]]
name = "runtime-direct"
version = "1.0.0"
description = "Runtime direct"
optional = false
python-versions = ">=3.12"
groups = ["main"]
files = []

[package.dependencies]
runtime-transitive = "1.0.0"
shared-transitive = "1.0.0"

[[package]]
name = "runtime-transitive"
version = "1.0.0"
description = "Runtime transitive"
optional = false
python-versions = ">=3.12"
groups = ["main"]
files = []

[[package]]
name = "shared-transitive"
version = "1.0.0"
description = "Shared transitive"
optional = false
python-versions = ">=3.12"
groups = ["main", "test"]
files = []

[[package]]
name = "url-direct"
version = "1.0.0"
description = "URL direct"
optional = false
python-versions = ">=3.12"
groups = ["main"]
files = []

[package.source]
type = "url"
url = "https://packages.example.invalid/url_direct-1.0.0-py3-none-any.whl"

[metadata]
lock-version = "2.1"
python-versions = "^3.12"
content-hash = "caa1e8fa44eb8b1146be06564dff7b4ecdd6bc98786e6fc721c97011b623479e"
