{
  "name": "npm-v1-fixture",
  "version": "1.0.0",
  "lockfileVersion": 1,
  "requires": true,
  "dependencies": {
    "direct-dev": {
      "version": "3.0.0",
      "dev": true,
      "dependencies": {
        "dev-child": {
          "version": "1.0.0",
          "dev": true
        }
      }
    },
    "direct-one": {
      "version": "1.0.0",
      "dependencies": {
        "@scope/child": {
          "version": "1.1.0"
        },
        "duplicate": {
          "version": "0.5.0"
        }
      }
    },
    "duplicate": {
      "version": "2.0.0"
    },
    "missing-parent-version": {
      "dependencies": {
        "retained-child": {
          "version": "4.0.0"
        }
      }
    }
  }
}
