{
  "name": "npm-v3-directness",
  "version": "1.0.0",
  "lockfileVersion": 3,
  "packages": {
    "": {
      "name": "npm-v3-directness",
      "version": "1.0.0",
      "workspaces": ["packages/*"],
      "dependencies": {
        "duplicate": "2.0.0",
        "parent": "1.0.0",
        "root-alias": "npm:root-actual@1.0.0",
        "root-direct": "2.0.0"
      }
    },
    "node_modules/duplicate": {
      "version": "2.0.0"
    },
    "node_modules/parent": {
      "version": "1.0.0",
      "dependencies": {
        "duplicate": "1.0.0",
        "shared": "1.0.0"
      }
    },
    "node_modules/parent/node_modules/duplicate": {
      "version": "1.0.0"
    },
    "node_modules/parent/node_modules/shared": {
      "version": "1.0.0"
    },
    "node_modules/root-alias": {
      "name": "root-actual",
      "version": "1.0.0"
    },
    "node_modules/root-direct": {
      "version": "2.0.0"
    },
    "node_modules/workspace": {
      "resolved": "packages/workspace",
      "link": true
    },
    "packages/workspace": {
      "name": "workspace",
      "version": "1.0.0",
      "dependencies": {
        "hoisted": "1.0.0",
        "shared": "1.0.0",
        "workspace-alias": "npm:workspace-actual@1.0.0"
      }
    },
    "node_modules/hoisted": {
      "version": "1.0.0"
    },
    "node_modules/shared": {
      "version": "1.0.0"
    },
    "node_modules/workspace-alias": {
      "name": "workspace-actual",
      "version": "1.0.0"
    },
    "node_modules/unreferenced": {
      "version": "9.0.0"
    },
    "node_modules/unreferenced-parent": {
      "version": "9.0.0",
      "dependencies": {
        "unreferenced-child": "9.0.0"
      }
    },
    "node_modules/unreferenced-parent/node_modules/unreferenced-child": {
      "version": "9.0.0"
    }
  }
}
