{
  "name": "npm-v3-fixture",
  "version": "1.0.0",
  "lockfileVersion": 3,
  "packages": {
    "": {
      "name": "npm-v3-fixture",
      "version": "1.0.0",
      "workspaces": [
        "packages/*"
      ],
      "dependencies": {
        "@scope/direct": "2.0.0",
        "producer": "1.0.0",
        "repeated": "1.5.0"
      }
    },
    "node_modules/@scope/direct": {
      "version": "2.0.0",
      "dependencies": {
        "@nested/scoped": "2.1.0"
      }
    },
    "node_modules/@scope/direct/node_modules/@nested/scoped": {
      "version": "2.1.0"
    },
    "node_modules/producer": {
      "version": "1.0.0",
      "dependencies": {
        "repeated": "0.9.0"
      }
    },
    "node_modules/producer/node_modules/repeated": {
      "version": "0.9.0"
    },
    "node_modules/repeated": {
      "version": "1.5.0"
    },
    "node_modules/@workspace/b": {
      "resolved": "packages/workspace-b",
      "link": true
    },
    "packages/workspace-b": {
      "name": "@workspace/b",
      "version": "1.0.0",
      "dependencies": {
        "workspace-only": "7.0.0"
      }
    },
    "packages/workspace-b/node_modules/workspace-only": {
      "version": "7.0.0",
      "dependencies": {
        "repeated": "0.8.0"
      }
    },
    "packages/workspace-b/node_modules/workspace-only/node_modules/repeated": {
      "version": "0.8.0"
    }
  }
}
